<?xml version="1.0" encoding="utf-8"?>
<Project ToolsVersion="4.0" xmlns="http://schemas.microsoft.com/developer/msbuild/2003">
  <ItemGroup>
    <Filter Include="Source Files">
      <UniqueIdentifier>{4FC737F1-C7A5-4376-A066-2A32D752A2FF}</UniqueIdentifier>
      <Extensions>cpp;c;cc;cxx;c++;cppm;ixx;def;odl;idl;hpj;bat;asm;asmx</Extensions>
    </Filter>
    <Filter Include="Header Files">
      <UniqueIdentifier>{93995380-89BD-4b04-88EB-625FBE52EBFB}</UniqueIdentifier>
      <Extensions>h;hh;hpp;hxx;h++;hm;inl;inc;ipp;xsd</Extensions>
    </Filter>
    <Filter Include="Resource Files">
      <UniqueIdentifier>{67DA6AB6-F800-4c08-8B7A-83BB121AAD01}</UniqueIdentifier>
      <Extensions>rc;ico;cur;bmp;dlg;rc2;rct;bin;rgs;gif;jpg;jpeg;jpe;resx;tiff;tif;png;wav;mfcribbon-ms</Extensions>
    </Filter>
    <Filter Include="Source Files\nya">
      <UniqueIdentifier>{5021a2f6-0fcc-405e-8381-c603ffd3e3f1}</UniqueIdentifier>
    </Filter>
    <Filter Include="Header Files\nya">
      <UniqueIdentifier>{5021a2f6-0fcc-405e-8381-c603ffd3e3f1}</UniqueIdentifier>
    </Filter>
  </ItemGroup>
  <ItemGroup>
    <ClInclude Include="..\src\App.h">
      <Filter>Header Files</Filter>
    </ClInclude>
    <ClInclude Include="..\src\MainWindow.h">
      <Filter>Header Files</Filter>
    </ClInclude>
    <ClInclude Include="resource.h">
      <Filter>Header Files</Filter>
    </ClInclude>
    <ClInclude Include="..\src\nya\NyaModel.h">
      <Filter>Header Files\nya</Filter>
    </ClInclude>
    <ClInclude Include="..\src\nya\NyaAttributes.h">
      <Filter>Header Files\nya</Filter>
    </ClInclude>
    <ClInclude Include="..\src\nya\NyaPolygon.h">
      <Filter>Header Files\nya</Filter>
    </ClInclude>
    <ClInclude Include="..\src\nya\NyaMesh.h">
      <Filter>Header Files\nya</Filter>
    </ClInclude>
    <ClInclude Include="..\src\nya\NyaSmoothMesh.h">
      <Filter>Header Files\nya</Filter>
    </ClInclude>
    <ClInclude Include="..\src\nya\NyaVertex.h">
      <Filter>Header Files\nya</Filter>
    </ClInclude>
    <ClInclude Include="..\src\ModelDrawControl.h">
      <Filter>Header Files</Filter>
    </ClInclude>
    <ClInclude Include="..\src\nya\NyaUtils.h">
      <Filter>Header Files\nya</Filter>
    </ClInclude>
  </ItemGroup>
  <ItemGroup>
    <ClCompile Include="..\src\App.cpp">
      <Filter>Source Files</Filter>
    </ClCompile>
    <ClCompile Include="..\src\MainWindow.cpp">
      <Filter>Source Files</Filter>
    </ClCompile>
    <ClCompile Include="..\src\nya\NyaModel.cpp">
      <Filter>Source Files\nya</Filter>
    </ClCompile>
    <ClCompile Include="..\src\nya\NyaAttributes.cpp">
      <Filter>Source Files\nya</Filter>
    </ClCompile>
    <ClCompile Include="..\src\nya\NyaPolygon.cpp">
      <Filter>Source Files\nya</Filter>
    </ClCompile>
    <ClCompile Include="..\src\nya\NyaMesh.cpp">
      <Filter>Source Files\nya</Filter>
    </ClCompile>
    <ClCompile Include="..\src\nya\NyaSmoothMesh.cpp">
      <Filter>Source Files\nya</Filter>
    </ClCompile>
    <ClCompile Include="..\src\nya\NyaVertex.cpp">
      <Filter>Source Files\nya</Filter>
    </ClCompile>
    <ClCompile Include="..\src\ModelDrawControl.cpp">
      <Filter>Source Files</Filter>
    </ClCompile>
    <ClCompile Include="..\src\nya\NyaUtils.cpp">
      <Filter>Source Files\nya</Filter>
    </ClCompile>
  </ItemGroup>
  <ItemGroup>
    <ResourceCompile Include="NyaViewer.rc">
      <Filter>Resource Files</Filter>
    </ResourceCompile>
  </ItemGroup>
  <ItemGroup>
    <Image Include="..\nya.ico">
      <Filter>Resource Files</Filter>
    </Image>
  </ItemGroup>
</Project>